// !$*UTF8*$!
{
	archiveVersion = 1;
	classes = {
	};
	objectVersion = 50;
	objects = {

/* Begin PBXBuildFile section */
		CE31A4AF252B21CD00805E88 /* AppDelegate.swift in Sources */ = {isa = PBXBuildFile; fileRef = CE31A4AE252B21CD00805E88 /* AppDelegate.swift */; };
		CE31A4B6252B21CD00805E88 /* Main.storyboard in Resources */ = {isa = PBXBuildFile; fileRef = CE31A4B4252B21CD00805E88 /* Main.storyboard */; };
		CE31A4B8252B21CF00805E88 /* Assets.xcassets in Resources */ = {isa = PBXBuildFile; fileRef = CE31A4B7252B21CF00805E88 /* Assets.xcassets */; };
		CE31A4BB252B21CF00805E88 /* LaunchScreen.storyboard in Resources */ = {isa = PBXBuildFile; fileRef = CE31A4B9252B21CF00805E88 /* LaunchScreen.storyboard */; };
		CE73B912252C445700506D88 /* DetailVC.swift in Sources */ = {isa = PBXBuildFile; fileRef = CE73B911252C445700506D88 /* DetailVC.swift */; };
		CE73B915252C49FD00506D88 /* UIColorHexString.swift in Sources */ = {isa = PBXBuildFile; fileRef = CE73B914252C49FD00506D88 /* UIColorHexString.swift */; };
		CE73B91A252C4DC000506D88 /* CollectionViewViewModelType.swift in Sources */ = {isa = PBXBuildFile; fileRef = CE73B919252C4DC000506D88 /* CollectionViewViewModelType.swift */; };
		CE73B91C252C4DEA00506D88 /* CollectionViewViewModel.swift in Sources */ = {isa = PBXBuildFile; fileRef = CE73B91B252C4DEA00506D88 /* CollectionViewViewModel.swift */; };
		CE73B91E252C56BA00506D88 /* CollectionViewCellViewModelType.swift in Sources */ = {isa = PBXBuildFile; fileRef = CE73B91D252C56BA00506D88 /* CollectionViewCellViewModelType.swift */; };
		CE73B922252C57EC00506D88 /* CollectionViewCellViewModel.swift in Sources */ = {isa = PBXBuildFile; fileRef = CE73B921252C57EC00506D88 /* CollectionViewCellViewModel.swift */; };
		CE74854C252B24880080E261 /* TopHeadlinesResponse.swift in Sources */ = {isa = PBXBuildFile; fileRef = CE74854B252B24880080E261 /* TopHeadlinesResponse.swift */; };
		CE74854E252B25270080E261 /* NetworkManager.swift in Sources */ = {isa = PBXBuildFile; fileRef = CE74854D252B25270080E261 /* NetworkManager.swift */; };
		CE748552252B54B50080E261 /* Article.swift in Sources */ = {isa = PBXBuildFile; fileRef = CE748551252B54B50080E261 /* Article.swift */; };
		CE748554252B550F0080E261 /* Source.swift in Sources */ = {isa = PBXBuildFile; fileRef = CE748553252B550F0080E261 /* Source.swift */; };
		CEA60EC8252C39FA009488EF /* ListCell.swift in Sources */ = {isa = PBXBuildFile; fileRef = CEA60EC6252C39FA009488EF /* ListCell.swift */; };
		CEA60EC9252C39FA009488EF /* ListVC.swift in Sources */ = {isa = PBXBuildFile; fileRef = CEA60EC7252C39FA009488EF /* ListVC.swift */; };
/* End PBXBuildFile section */

/* Begin PBXFileReference section */
		CE31A4AB252B21CC00805E88 /* NewsApp.app */ = {isa = PBXFileReference; explicitFileType = wrapper.application; includeInIndex = 0; path = NewsApp.app; sourceTree = BUILT_PRODUCTS_DIR; };
		CE31A4AE252B21CD00805E88 /* AppDelegate.swift */ = {isa = PBXFileReference; lastKnownFileType = sourcecode.swift; path = AppDelegate.swift; sourceTree = "<group>"; };
		CE31A4B5252B21CD00805E88 /* Base */ = {isa = PBXFileReference; lastKnownFileType = file.storyboard; name = Base; path = Base.lproj/Main.storyboard; sourceTree = "<group>"; };
		CE31A4B7252B21CF00805E88 /* Assets.xcassets */ = {isa = PBXFileReference; lastKnownFileType = folder.assetcatalog; path = Assets.xcassets; sourceTree = "<group>"; };
		CE31A4BA252B21CF00805E88 /* Base */ = {isa = PBXFileReference; lastKnownFileType = file.storyboard; name = Base; path = Base.lproj/LaunchScreen.storyboard; sourceTree = "<group>"; };
		CE31A4BC252B21CF00805E88 /* Info.plist */ = {isa = PBXFileReference; lastKnownFileType = text.plist.xml; path = Info.plist; sourceTree = "<group>"; };
		CE73B911252C445700506D88 /* DetailVC.swift */ = {isa = PBXFileReference; lastKnownFileType = sourcecode.swift; path = DetailVC.swift; sourceTree = "<group>"; };
		CE73B914252C49FD00506D88 /* UIColorHexString.swift */ = {isa = PBXFileReference; lastKnownFileType = sourcecode.swift; path = UIColorHexString.swift; sourceTree = "<group>"; };
		CE73B919252C4DC000506D88 /* CollectionViewViewModelType.swift */ = {isa = PBXFileReference; lastKnownFileType = sourcecode.swift; path = CollectionViewViewModelType.swift; sourceTree = "<group>"; };
		CE73B91B252C4DEA00506D88 /* CollectionViewViewModel.swift */ = {isa = PBXFileReference; lastKnownFileType = sourcecode.swift; path = CollectionViewViewModel.swift; sourceTree = "<group>"; };
		CE73B91D252C56BA00506D88 /* CollectionViewCellViewModelType.swift */ = {isa = PBXFileReference; lastKnownFileType = sourcecode.swift; path = CollectionViewCellViewModelType.swift; sourceTree = "<group>"; };
		CE73B921252C57EC00506D88 /* CollectionViewCellViewModel.swift */ = {isa = PBXFileReference; lastKnownFileType = sourcecode.swift; path = CollectionViewCellViewModel.swift; sourceTree = "<group>"; };
		CE74854B252B24880080E261 /* TopHeadlinesResponse.swift */ = {isa = PBXFileReference; lastKnownFileType = sourcecode.swift; path = TopHeadlinesResponse.swift; sourceTree = "<group>"; };
		CE74854D252B25270080E261 /* NetworkManager.swift */ = {isa = PBXFileReference; lastKnownFileType = sourcecode.swift; path = NetworkManager.swift; sourceTree = "<group>"; };
		CE748551252B54B50080E261 /* Article.swift */ = {isa = PBXFileReference; lastKnownFileType = sourcecode.swift; name = Article.swift; path = NewsApp/Article.swift; sourceTree = SOURCE_ROOT; };
		CE748553252B550F0080E261 /* Source.swift */ = {isa = PBXFileReference; lastKnownFileType = sourcecode.swift; path = Source.swift; sourceTree = "<group>"; };
		CEA60EC6252C39FA009488EF /* ListCell.swift */ = {isa = PBXFileReference; fileEncoding = 4; lastKnownFileType = sourcecode.swift; path = ListCell.swift; sourceTree = "<group>"; };
		CEA60EC7252C39FA009488EF /* ListVC.swift */ = {isa = PBXFileReference; fileEncoding = 4; lastKnownFileType = sourcecode.swift; path = ListVC.swift; sourceTree = "<group>"; };
/* End PBXFileReference section */

/* Begin PBXFrameworksBuildPhase section */
		CE31A4A8252B21CC00805E88 /* Frameworks */ = {
			isa = PBXFrameworksBuildPhase;
			buildActionMask = 2147483647;
			files = (
			);
			runOnlyForDeploymentPostprocessing = 0;
		};
/* End PBXFrameworksBuildPhase section */

/* Begin PBXGroup section */
		CE31A4A2252B21CC00805E88 = {
			isa = PBXGroup;
			children = (
				CE31A4AD252B21CC00805E88 /* NewsApp */,
				CE31A4AC252B21CC00805E88 /* Products */,
			);
			sourceTree = "<group>";
		};
		CE31A4AC252B21CC00805E88 /* Products */ = {
			isa = PBXGroup;
			children = (
				CE31A4AB252B21CC00805E88 /* NewsApp.app */,
			);
			name = Products;
			sourceTree = "<group>";
		};
		CE31A4AD252B21CC00805E88 /* NewsApp */ = {
			isa = PBXGroup;
			children = (
				CE73B913252C49C100506D88 /* Supporting */,
				CE73B918252C4D9E00506D88 /* Protolocs */,
				CE74854A252B243D0080E261 /* Model */,
				CE748555252B555D0080E261 /* View */,
				CE73B916252C4C9700506D88 /* ViewModel */,
				CE31A4AE252B21CD00805E88 /* AppDelegate.swift */,
				CE31A4B4252B21CD00805E88 /* Main.storyboard */,
				CE31A4B7252B21CF00805E88 /* Assets.xcassets */,
				CE31A4B9252B21CF00805E88 /* LaunchScreen.storyboard */,
				CE31A4BC252B21CF00805E88 /* Info.plist */,
			);
			path = NewsApp;
			sourceTree = "<group>";
		};
		CE73B913252C49C100506D88 /* Supporting */ = {
			isa = PBXGroup;
			children = (
				CE73B914252C49FD00506D88 /* UIColorHexString.swift */,
			);
			path = Supporting;
			sourceTree = "<group>";
		};
		CE73B916252C4C9700506D88 /* ViewModel */ = {
			isa = PBXGroup;
			children = (
				CE73B91B252C4DEA00506D88 /* CollectionViewViewModel.swift */,
				CE73B921252C57EC00506D88 /* CollectionViewCellViewModel.swift */,
			);
			path = ViewModel;
			sourceTree = "<group>";
		};
		CE73B918252C4D9E00506D88 /* Protolocs */ = {
			isa = PBXGroup;
			children = (
				CE73B919252C4DC000506D88 /* CollectionViewViewModelType.swift */,
				CE73B91D252C56BA00506D88 /* CollectionViewCellViewModelType.swift */,
			);
			path = Protolocs;
			sourceTree = "<group>";
		};
		CE74854A252B243D0080E261 /* Model */ = {
			isa = PBXGroup;
			children = (
				CE74854B252B24880080E261 /* TopHeadlinesResponse.swift */,
				CE74854D252B25270080E261 /* NetworkManager.swift */,
				CE748551252B54B50080E261 /* Article.swift */,
				CE748553252B550F0080E261 /* Source.swift */,
			);
			path = Model;
			sourceTree = "<group>";
		};
		CE748555252B555D0080E261 /* View */ = {
			isa = PBXGroup;
			children = (
				CEA60EC7252C39FA009488EF /* ListVC.swift */,
				CEA60EC6252C39FA009488EF /* ListCell.swift */,
				CE73B911252C445700506D88 /* DetailVC.swift */,
			);
			path = View;
			sourceTree = "<group>";
		};
/* End PBXGroup section */

/* Begin PBXNativeTarget section */
		CE31A4AA252B21CC00805E88 /* NewsApp */ = {
			isa = PBXNativeTarget;
			buildConfigurationList = CE31A4BF252B21CF00805E88 /* Build configuration list for PBXNativeTarget "NewsApp" */;
			buildPhases = (
				CE31A4A7252B21CC00805E88 /* Sources */,
				CE31A4A8252B21CC00805E88 /* Frameworks */,
				CE31A4A9252B21CC00805E88 /* Resources */,
			);
			buildRules = (
			);
			dependencies = (
			);
			name = NewsApp;
			productName = NewsApp;
			productReference = CE31A4AB252B21CC00805E88 /* NewsApp.app */;
			productType = "com.apple.product-type.application";
		};
/* End PBXNativeTarget section */

/* Begin PBXProject section */
		CE31A4A3252B21CC00805E88 /* Project object */ = {
			isa = PBXProject;
			attributes = {
				LastSwiftUpdateCheck = 1130;
				LastUpgradeCheck = 1130;
				ORGANIZATIONNAME = "Artem Ulko";
				TargetAttributes = {
					CE31A4AA252B21CC00805E88 = {
						CreatedOnToolsVersion = 11.3.1;
					};
				};
			};
			buildConfigurationList = CE31A4A6252B21CC00805E88 /* Build configuration list for PBXProject "NewsApp" */;
			compatibilityVersion = "Xcode 9.3";
			developmentRegion = en;
			hasScannedForEncodings = 0;
			knownRegions = (
				en,
				Base,
			);
			mainGroup = CE31A4A2252B21CC00805E88;
			productRefGroup = CE31A4AC252B21CC00805E88 /* Products */;
			projectDirPath = "";
			projectRoot = "";
			targets = (
				CE31A4AA252B21CC00805E88 /* NewsApp */,
			);
		};
/* End PBXProject section */

/* Begin PBXResourcesBuildPhase section */
		CE31A4A9252B21CC00805E88 /* Resources */ = {
			isa = PBXResourcesBuildPhase;
			buildActionMask = 2147483647;
			files = (
				CE31A4BB252B21CF00805E88 /* LaunchScreen.storyboard in Resources */,
				CE31A4B8252B21CF00805E88 /* Assets.xcassets in Resources */,
				CE31A4B6252B21CD00805E88 /* Main.storyboard in Resources */,
			);
			runOnlyForDeploymentPostprocessing = 0;
		};
/* End PBXResourcesBuildPhase section */

/* Begin PBXSourcesBuildPhase section */
		CE31A4A7252B21CC00805E88 /* Sources */ = {
			isa = PBXSourcesBuildPhase;
			buildActionMask = 2147483647;
			files = (
				CEA60EC9252C39FA009488EF /* ListVC.swift in Sources */,
				CE73B91E252C56BA00506D88 /* CollectionViewCellViewModelType.swift in Sources */,
				CEA60EC8252C39FA009488EF /* ListCell.swift in Sources */,
				CE74854E252B25270080E261 /* NetworkManager.swift in Sources */,
				CE748552252B54B50080E261 /* Article.swift in Sources */,
				CE73B91C252C4DEA00506D88 /* CollectionViewViewModel.swift in Sources */,
				CE73B922252C57EC00506D88 /* CollectionViewCellViewModel.swift in Sources */,
				CE748554252B550F0080E261 /* Source.swift in Sources */,
				CE73B912252C445700506D88 /* DetailVC.swift in Sources */,
				CE31A4AF252B21CD00805E88 /* AppDelegate.swift in Sources */,
				CE73B91A252C4DC000506D88 /* CollectionViewViewModelType.swift in Sources */,
				CE73B915252C49FD00506D88 /* UIColorHexString.swift in Sources */,
				CE74854C252B24880080E261 /* TopHeadlinesResponse.swift in Sources */,
			);
			runOnlyForDeploymentPostprocessing = 0;
		};
/* End PBXSourcesBuildPhase section */

/* Begin PBXVariantGroup section */
		CE31A4B4252B21CD00805E88 /* Main.storyboard */ = {
			isa = PBXVariantGroup;
			children = (
				CE31A4B5252B21CD00805E88 /* Base */,
			);
			name = Main.storyboard;
			sourceTree = "<group>";
		};
		CE31A4B9252B21CF00805E88 /* LaunchScreen.storyboard */ = {
			isa = PBXVariantGroup;
			children = (
				CE31A4BA252B21CF00805E88 /* Base */,
			);
			name = LaunchScreen.storyboard;
			sourceTree = "<group>";
		};
/* End PBXVariantGroup section */

/* Begin XCBuildConfiguration section */
		CE31A4BD252B21CF00805E88 /* Debug */ = {
			isa = XCBuildConfiguration;
			buildSettings = {
				ALWAYS_SEARCH_USER_PATHS = NO;
				CLANG_ANALYZER_NONNULL = YES;
				CLANG_ANALYZER_NUMBER_OBJECT_CONVERSION = YES_AGGRESSIVE;
				CLANG_CXX_LANGUAGE_STANDARD = "gnu++14";
				CLANG_CXX_LIBRARY = "libc++";
				CLANG_ENABLE_MODULES = YES;
				CLANG_ENABLE_OBJC_ARC = YES;
				CLANG_ENABLE_OBJC_WEAK = YES;
				CLANG_WARN_BLOCK_CAPTURE_AUTORELEASING = YES;
				CLANG_WARN_BOOL_CONVERSION = YES;
				CLANG_WARN_COMMA = YES;
				CLANG_WARN_CONSTANT_CONVERSION = YES;
				CLANG_WARN_DEPRECATED_OBJC_IMPLEMENTATIONS = YES;
				CLANG_WARN_DIRECT_OBJC_ISA_USAGE = YES_ERROR;
				CLANG_WARN_DOCUMENTATION_COMMENTS = YES;
				CLANG_WARN_EMPTY_BODY = YES;
				CLANG_WARN_ENUM_CONVERSION = YES;
				CLANG_WARN_INFINITE_RECURSION = YES;
				CLANG_WARN_INT_CONVERSION = YES;
				CLANG_WARN_NON_LITERAL_NULL_CONVERSION = YES;
				CLANG_WARN_OBJC_IMPLICIT_RETAIN_SELF = YES;
				CLANG_WARN_OBJC_LITERAL_CONVERSION = YES;
				CLANG_WARN_OBJC_ROOT_CLASS = YES_ERROR;
				CLANG_WARN_RANGE_LOOP_ANALYSIS = YES;
				CLANG_WARN_STRICT_PROTOTYPES = YES;
				CLANG_WARN_SUSPICIOUS_MOVE = YES;
				CLANG_WARN_UNGUARDED_AVAILABILITY = YES_AGGRESSIVE;
				CLANG_WARN_UNREACHABLE_CODE = YES;
				CLANG_WARN__DUPLICATE_METHOD_MATCH = YES;
				COPY_PHASE_STRIP = NO;
				DEBUG_INFORMATION_FORMAT = dwarf;
				ENABLE_STRICT_OBJC_MSGSEND = YES;
				ENABLE_TESTABILITY = YES;
				GCC_C_LANGUAGE_STANDARD = gnu11;
				GCC_DYNAMIC_NO_PIC = NO;
				GCC_NO_COMMON_BLOCKS = YES;
				GCC_OPTIMIZATION_LEVEL = 0;
				GCC_PREPROCESSOR_DEFINITIONS = (
					"DEBUG=1",
					"$(inherited)",
				);
				GCC_WARN_64_TO_32_BIT_CONVERSION = YES;
				GCC_WARN_ABOUT_RETURN_TYPE = YES_ERROR;
				GCC_WARN_UNDECLARED_SELECTOR = YES;
				GCC_WARN_UNINITIALIZED_AUTOS = YES_AGGRESSIVE;
				GCC_WARN_UNUSED_FUNCTION = YES;
				GCC_WARN_UNUSED_VARIABLE = YES;
				IPHONEOS_DEPLOYMENT_TARGET = 13.2;
				MTL_ENABLE_DEBUG_INFO = INCLUDE_SOURCE;
				MTL_FAST_MATH = YES;
				ONLY_ACTIVE_ARCH = YES;
				SDKROOT = iphoneos;
				SWIFT_ACTIVE_COMPILATION_CONDITIONS = DEBUG;
				SWIFT_OPTIMIZATION_LEVEL = "-Onone";
			};
			name = Debug;
		};
		CE31A4BE252B21CF00805E88 /* Release */ = {
			isa = XCBuildConfiguration;
			buildSettings = {
				ALWAYS_SEARCH_USER_PATHS = NO;
				CLANG_ANALYZER_NONNULL = YES;
				CLANG_ANALYZER_NUMBER_OBJECT_CONVERSION = YES_AGGRESSIVE;
				CLANG_CXX_LANGUAGE_STANDARD = "gnu++14";
				CLANG_CXX_LIBRARY = "libc++";
				CLANG_ENABLE_MODULES = YES;
				CLANG_ENABLE_OBJC_ARC = YES;
				CLANG_ENABLE_OBJC_WEAK = YES;
				CLANG_WARN_BLOCK_CAPTURE_AUTORELEASING = YES;
				CLANG_WARN_BOOL_CONVERSION = YES;
				CLANG_WARN_COMMA = YES;
				CLANG_WARN_CONSTANT_CONVERSION = YES;
				CLANG_WARN_DEPRECATED_OBJC_IMPLEMENTATIONS = YES;
				CLANG_WARN_DIRECT_OBJC_ISA_USAGE = YES_ERROR;
				CLANG_WARN_DOCUMENTATION_COMMENTS = YES;
				CLANG_WARN_EMPTY_BODY = YES;
				CLANG_WARN_ENUM_CONVERSION = YES;
				CLANG_WARN_INFINITE_RECURSION = YES;
				CLANG_WARN_INT_CONVERSION = YES;
				CLANG_WARN_NON_LITERAL_NULL_CONVERSION = YES;
				CLANG_WARN_OBJC_IMPLICIT_RETAIN_SELF = YES;
				CLANG_WARN_OBJC_LITERAL_CONVERSION = YES;
				CLANG_WARN_OBJC_ROOT_CLASS = YES_ERROR;
				CLANG_WARN_RANGE_LOOP_ANALYSIS = YES;
				CLANG_WARN_STRICT_PROTOTYPES = YES;
				CLANG_WARN_SUSPICIOUS_MOVE = YES;
				CLANG_WARN_UNGUARDED_AVAILABILITY = YES_AGGRESSIVE;
				CLANG_WARN_UNREACHABLE_CODE = YES;
				CLANG_WARN__DUPLICATE_METHOD_MATCH = YES;
				COPY_PHASE_STRIP = NO;
				DEBUG_INFORMATION_FORMAT = "dwarf-with-dsym";
				ENABLE_NS_ASSERTIONS = NO;
				ENABLE_STRICT_OBJC_MSGSEND = YES;
				GCC_C_LANGUAGE_STANDARD = gnu11;
				GCC_NO_COMMON_BLOCKS = YES;
				GCC_WARN_64_TO_32_BIT_CONVERSION = YES;
				GCC_WARN_ABOUT_RETURN_TYPE = YES_ERROR;
				GCC_WARN_UNDECLARED_SELECTOR = YES;
				GCC_WARN_UNINITIALIZED_AUTOS = YES_AGGRESSIVE;
				GCC_WARN_UNUSED_FUNCTION = YES;
				GCC_WARN_UNUSED_VARIABLE = YES;
				IPHONEOS_DEPLOYMENT_TARGET = 13.2;
				MTL_ENABLE_DEBUG_INFO = NO;
				MTL_FAST_MATH = YES;
				SDKROOT = iphoneos;
				SWIFT_COMPILATION_MODE = wholemodule;
				SWIFT_OPTIMIZATION_LEVEL = "-O";
				VALIDATE_PRODUCT = YES;
			};
			name = Release;
		};
		CE31A4C0252B21CF00805E88 /* Debug */ = {
			isa = XCBuildConfiguration;
			buildSettings = {
				ASSETCATALOG_COMPILER_APPICON_NAME = AppIcon;
				CODE_SIGN_STYLE = Automatic;
				DEVELOPMENT_TEAM = 2PQNZ2TUC3;
				INFOPLIST_FILE = NewsApp/Info.plist;
				IPHONEOS_DEPLOYMENT_TARGET = 11.0;
				LD_RUNPATH_SEARCH_PATHS = (
					"$(inherited)",
					"@executable_path/Frameworks",
				);
				PRODUCT_BUNDLE_IDENTIFIER = com.ulkoart.NewsApp;
				PRODUCT_NAME = "$(TARGET_NAME)";
				SWIFT_VERSION = 5.0;
				TARGETED_DEVICE_FAMILY = "1,2";
			};
			name = Debug;
		};
		CE31A4C1252B21CF00805E88 /* Release */ = {
			isa = XCBuildConfiguration;
			buildSettings = {
				ASSETCATALOG_COMPILER_APPICON_NAME = AppIcon;
				CODE_SIGN_STYLE = Automatic;
				DEVELOPMENT_TEAM = 2PQNZ2TUC3;
				INFOPLIST_FILE = NewsApp/Info.plist;
				IPHONEOS_DEPLOYMENT_TARGET = 11.0;
				LD_RUNPATH_SEARCH_PATHS = (
					"$(inherited)",
					"@executable_path/Frameworks",
				);
				PRODUCT_BUNDLE_IDENTIFIER = com.ulkoart.NewsApp;
				PRODUCT_NAME = "$(TARGET_NAME)";
				SWIFT_VERSION = 5.0;
				TARGETED_DEVICE_FAMILY = "1,2";
			};
			name = Release;
		};
/* End XCBuildConfiguration section */

/* Begin XCConfigurationList section */
		CE31A4A6252B21CC00805E88 /* Build configuration list for PBXProject "NewsApp" */ = {
			isa = XCConfigurationList;
			buildConfigurations = (
				CE31A4BD252B21CF00805E88 /* Debug */,
				CE31A4BE252B21CF00805E88 /* Release */,
			);
			defaultConfigurationIsVisible = 0;
			defaultConfigurationName = Release;
		};
		CE31A4BF252B21CF00805E88 /* Build configuration list for PBXNativeTarget "NewsApp" */ = {
			isa = XCConfigurationList;
			buildConfigurations = (
				CE31A4C0252B21CF00805E88 /* Debug */,
				CE31A4C1252B21CF00805E88 /* Release */,
			);
			defaultConfigurationIsVisible = 0;
			defaultConfigurationName = Release;
		};
/* End XCConfigurationList section */
	};
	rootObject = CE31A4A3252B21CC00805E88 /* Project object */;
}
